<?xml version="1.0" encoding="utf-8"?>
<Project ToolsVersion="4.0" xmlns="http://schemas.microsoft.com/developer/msbuild/2003">
  <ItemGroup>
    <Filter Include="Source">
      <UniqueIdentifier>{3c10796b-b4c6-4e86-8cfc-b249933cd948}</UniqueIdentifier>
    </Filter>
    <Filter Include="Source\CImage">
      <UniqueIdentifier>{4118763d-138c-4342-95e7-a489e4346703}</UniqueIdentifier>
    </Filter>
    <Filter Include="Source\CImage\plugins">
      <UniqueIdentifier>{de0f2a72-7048-40b4-b04d-135f3890b034}</UniqueIdentifier>
    </Filter>
  </ItemGroup>
  <ItemGroup>
    <ClInclude Include="Source\CImage\CImg.h">
      <Filter>Source\CImage</Filter>
    </ClInclude>
    <ClInclude Include="Source\CImage\plugins\add_fileformat.h">
      <Filter>Source\CImage\plugins</Filter>
    </ClInclude>
    <ClInclude Include="Source\CImage\plugins\bayer.h">
      <Filter>Source\CImage\plugins</Filter>
    </ClInclude>
    <ClInclude Include="Source\CImage\plugins\chlpca.h">
      <Filter>Source\CImage\plugins</Filter>
    </ClInclude>
    <ClInclude Include="Source\CImage\plugins\cvMat.h">
      <Filter>Source\CImage\plugins</Filter>
    </ClInclude>
    <ClInclude Include="Source\CImage\plugins\draw_gradient.h">
      <Filter>Source\CImage\plugins</Filter>
    </ClInclude>
    <ClInclude Include="Source\CImage\plugins\inpaint.h">
      <Filter>Source\CImage\plugins</Filter>
    </ClInclude>
    <ClInclude Include="Source\CImage\plugins\ipl.h">
      <Filter>Source\CImage\plugins</Filter>
    </ClInclude>
    <ClInclude Include="Source\CImage\plugins\ipl_alt.h">
      <Filter>Source\CImage\plugins</Filter>
    </ClInclude>
    <ClInclude Include="Source\CImage\plugins\jpeg_buffer.h">
      <Filter>Source\CImage\plugins</Filter>
    </ClInclude>
    <ClInclude Include="Source\CImage\plugins\loop_macros.h">
      <Filter>Source\CImage\plugins</Filter>
    </ClInclude>
    <ClInclude Include="Source\CImage\plugins\matlab.h">
      <Filter>Source\CImage\plugins</Filter>
    </ClInclude>
    <ClInclude Include="Source\CImage\plugins\nlmeans.h">
      <Filter>Source\CImage\plugins</Filter>
    </ClInclude>
    <ClInclude Include="Source\CImage\plugins\skeleton.h">
      <Filter>Source\CImage\plugins</Filter>
    </ClInclude>
    <ClInclude Include="Source\CImage\plugins\tiff_stream.h">
      <Filter>Source\CImage\plugins</Filter>
    </ClInclude>
    <ClInclude Include="Source\CImage\plugins\tinymatwriter.h">
      <Filter>Source\CImage\plugins</Filter>
    </ClInclude>
    <ClInclude Include="Source\QuadTree.h">
      <Filter>Source</Filter>
    </ClInclude>
    <ClInclude Include="Source\Rect.h">
      <Filter>Source</Filter>
    </ClInclude>
    <ClInclude Include="Source\Common.h">
      <Filter>Source</Filter>
    </ClInclude>
  </ItemGroup>
  <ItemGroup>
    <ClCompile Include="Source\Main.cpp">
      <Filter>Source</Filter>
    </ClCompile>
  </ItemGroup>
</Project>